
Microsoft Visual Studio Solution File, Format Version 12.00
# Visual Studio Version 17
VisualStudioVersion = 17.9.34407.89
MinimumVisualStudioVersion = 10.0.40219.1
Project("{FAE04EC0-301F-11D3-BF4B-00C04F79EFBC}") = "Circle", "Circle\Circle.csproj", "{062E0473-3C5A-48E4-A0A2-694FD5A30870}"
EndProject
Global
	GlobalSection(SolutionConfigurationPlatforms) = preSolution
		Debug|Any CPU = Debug|Any CPU
		Release|Any CPU = Release|Any CPU
	EndGlobalSection
	GlobalSection(ProjectConfigurationPlatforms) = postSolution
		{062E0473-3C5A-48E4-A0A2-694FD5A30870}.Debug|Any CPU.ActiveCfg = Debug|Any CPU
		{062E0473-3C5A-48E4-A0A2-694FD5A30870}.Debug|Any CPU.Build.0 = Debug|Any CPU
		{062E0473-3C5A-48E4-A0A2-694FD5A30870}.Release|Any CPU.ActiveCfg = Release|Any CPU
		{062E0473-3C5A-48E4-A0A2-694FD5A30870}.Release|Any CPU.Build.0 = Release|Any CPU
	EndGlobalSection
	GlobalSection(SolutionProperties) = preSolution
		HideSolutionNode = FALSE
	EndGlobalSection
	GlobalSection(ExtensibilityGlobals) = postSolution
		SolutionGuid = {09FE3D69-2612-463B-9BE7-4F869648F5EE}
	EndGlobalSection
EndGlobal
